// !$*UTF8*$!
{
	archiveVersion = 1;
	classes = {
	};
	objectVersion = 46;
	objects = {

/* Begin PBXBuildFile section */
		844852BB205D30EF009B6F2A /* AppDelegate.swift in Sources */ = {isa = PBXBuildFile; fileRef = 844852BA205D30EF009B6F2A /* AppDelegate.swift */; };
		844852BD205D30EF009B6F2A /* ViewController.swift in Sources */ = {isa = PBXBuildFile; fileRef = 844852BC205D30EF009B6F2A /* ViewController.swift */; };
		844852C0205D30EF009B6F2A /* Main.storyboard in Resources */ = {isa = PBXBuildFile; fileRef = 844852BE205D30EF009B6F2A /* Main.storyboard */; };
		844852C3205D30EF009B6F2A /* NewNoteApp.xcdatamodeld in Sources */ = {isa = PBXBuildFile; fileRef = 844852C1205D30EF009B6F2A /* NewNoteApp.xcdatamodeld */; };
		844852C5205D30EF009B6F2A /* Assets.xcassets in Resources */ = {isa = PBXBuildFile; fileRef = 844852C4205D30EF009B6F2A /* Assets.xcassets */; };
		844852C8205D30EF009B6F2A /* LaunchScreen.storyboard in Resources */ = {isa = PBXBuildFile; fileRef = 844852C6205D30EF009B6F2A /* LaunchScreen.storyboard */; };
/* End PBXBuildFile section */

/* Begin PBXFileReference section */
		844852B7205D30EF009B6F2A /* NewNoteApp.app */ = {isa = PBXFileReference; explicitFileType = wrapper.application; includeInIndex = 0; path = NewNoteApp.app; sourceTree = BUILT_PRODUCTS_DIR; };
		844852BA205D30EF009B6F2A /* AppDelegate.swift */ = {isa = PBXFileReference; lastKnownFileType = sourcecode.swift; path = AppDelegate.swift; sourceTree = "<group>"; };
		844852BC205D30EF009B6F2A /* ViewController.swift */ = {isa = PBXFileReference; lastKnownFileType = sourcecode.swift; path = ViewController.swift; sourceTree = "<group>"; };
		844852BF205D30EF009B6F2A /* Base */ = {isa = PBXFileReference; lastKnownFileType = file.storyboard; name = Base; path = Base.lproj/Main.storyboard; sourceTree = "<group>"; };
		844852C2205D30EF009B6F2A /* NewNoteApp.xcdatamodel */ = {isa = PBXFileReference; lastKnownFileType = wrapper.xcdatamodel; path = NewNoteApp.xcdatamodel; sourceTree = "<group>"; };
		844852C4205D30EF009B6F2A /* Assets.xcassets */ = {isa = PBXFileReference; lastKnownFileType = folder.assetcatalog; path = Assets.xcassets; sourceTree = "<group>"; };
		844852C7205D30EF009B6F2A /* Base */ = {isa = PBXFileReference; lastKnownFileType = file.storyboard; name = Base; path = Base.lproj/LaunchScreen.storyboard; sourceTree = "<group>"; };
		844852C9205D30EF009B6F2A /* Info.plist */ = {isa = PBXFileReference; lastKnownFileType = text.plist.xml; path = Info.plist; sourceTree = "<group>"; };
/* End PBXFileReference section */

/* Begin PBXFrameworksBuildPhase section */
		844852B4205D30EF009B6F2A /* Frameworks */ = {
			isa = PBXFrameworksBuildPhase;
			buildActionMask = 2147483647;
			files = (
			);
			runOnlyForDeploymentPostprocessing = 0;
		};
/* End PBXFrameworksBuildPhase section */

/* Begin PBXGroup section */
		844852AE205D30EF009B6F2A = {
			isa = PBXGroup;
			children = (
				844852B9205D30EF009B6F2A /* NewNoteApp */,
				844852B8205D30EF009B6F2A /* Products */,
			);
			sourceTree = "<group>";
		};
		844852B8205D30EF009B6F2A /* Products */ = {
			isa = PBXGroup;
			children = (
				844852B7205D30EF009B6F2A /* NewNoteApp.app */,
			);
			name = Products;
			sourceTree = "<group>";
		};
		844852B9205D30EF009B6F2A /* NewNoteApp */ = {
			isa = PBXGroup;
			children = (
				844852BA205D30EF009B6F2A /* AppDelegate.swift */,
				844852BC205D30EF009B6F2A /* ViewController.swift */,
				844852BE205D30EF009B6F2A /* Main.storyboard */,
				844852C4205D30EF009B6F2A /* Assets.xcassets */,
				844852C6205D30EF009B6F2A /* LaunchScreen.storyboard */,
				844852C9205D30EF009B6F2A /* Info.plist */,
				844852C1205D30EF009B6F2A /* NewNoteApp.xcdatamodeld */,
			);
			path = NewNoteApp;
			sourceTree = "<group>";
		};
/* End PBXGroup section */

/* Begin PBXNativeTarget section */
		844852B6205D30EF009B6F2A /* NewNoteApp */ = {
			isa = PBXNativeTarget;
			buildConfigurationList = 844852CC205D30EF009B6F2A /* Build configuration list for PBXNativeTarget "NewNoteApp" */;
			buildPhases = (
				844852B3205D30EF009B6F2A /* Sources */,
				844852B4205D30EF009B6F2A /* Frameworks */,
				844852B5205D30EF009B6F2A /* Resources */,
			);
			buildRules = (
			);
			dependencies = (
			);
			name = NewNoteApp;
			productName = NewNoteApp;
			productReference = 844852B7205D30EF009B6F2A /* NewNoteApp.app */;
			productType = "com.apple.product-type.application";
		};
/* End PBXNativeTarget section */

/* Begin PBXProject section */
		844852AF205D30EF009B6F2A /* Project object */ = {
			isa = PBXProject;
			attributes = {
				LastSwiftUpdateCheck = 0820;
				LastUpgradeCheck = 0820;
				ORGANIZATIONNAME = "vm mac";
				TargetAttributes = {
					844852B6205D30EF009B6F2A = {
						CreatedOnToolsVersion = 8.2.1;
						ProvisioningStyle = Automatic;
					};
				};
			};
			buildConfigurationList = 844852B2205D30EF009B6F2A /* Build configuration list for PBXProject "NewNoteApp" */;
			compatibilityVersion = "Xcode 3.2";
			developmentRegion = English;
			hasScannedForEncodings = 0;
			knownRegions = (
				en,
				Base,
			);
			mainGroup = 844852AE205D30EF009B6F2A;
			productRefGroup = 844852B8205D30EF009B6F2A /* Products */;
			projectDirPath = "";
			projectRoot = "";
			targets = (
				844852B6205D30EF009B6F2A /* NewNoteApp */,
			);
		};
/* End PBXProject section */

/* Begin PBXResourcesBuildPhase section */
		844852B5205D30EF009B6F2A /* Resources */ = {
			isa = PBXResourcesBuildPhase;
			buildActionMask = 2147483647;
			files = (
				844852C8205D30EF009B6F2A /* LaunchScreen.storyboard in Resources */,
				844852C5205D30EF009B6F2A /* Assets.xcassets in Resources */,
				844852C0205D30EF009B6F2A /* Main.storyboard in Resources */,
			);
			runOnlyForDeploymentPostprocessing = 0;
		};
/* End PBXResourcesBuildPhase section */

/* Begin PBXSourcesBuildPhase section */
		844852B3205D30EF009B6F2A /* Sources */ = {
			isa = PBXSourcesBuildPhase;
			buildActionMask = 2147483647;
			files = (
				844852C3205D30EF009B6F2A /* NewNoteApp.xcdatamodeld in Sources */,
				844852BD205D30EF009B6F2A /* ViewController.swift in Sources */,
				844852BB205D30EF009B6F2A /* AppDelegate.swift in Sources */,
			);
			runOnlyForDeploymentPostprocessing = 0;
		};
/* End PBXSourcesBuildPhase section */

/* Begin PBXVariantGroup section */
		844852BE205D30EF009B6F2A /* Main.storyboard */ = {
			isa = PBXVariantGroup;
			children = (
				844852BF205D30EF009B6F2A /* Base */,
			);
			name = Main.storyboard;
			sourceTree = "<group>";
		};
		844852C6205D30EF009B6F2A /* LaunchScreen.storyboard */ = {
			isa = PBXVariantGroup;
			children = (
				844852C7205D30EF009B6F2A /* Base */,
			);
			name = LaunchScreen.storyboard;
			sourceTree = "<group>";
		};
/* End PBXVariantGroup section */

/* Begin XCBuildConfiguration section */
		844852CA205D30EF009B6F2A /* Debug */ = {
			isa = XCBuildConfiguration;
			buildSettings = {
				ALWAYS_SEARCH_USER_PATHS = NO;
				CLANG_ANALYZER_NONNULL = YES;
				CLANG_CXX_LANGUAGE_STANDARD = "gnu++0x";
				CLANG_CXX_LIBRARY = "libc++";
				CLANG_ENABLE_MODULES = YES;
				CLANG_ENABLE_OBJC_ARC = YES;
				CLANG_WARN_BOOL_CONVERSION = YES;
				CLANG_WARN_CONSTANT_CONVERSION = YES;
				CLANG_WARN_DIRECT_OBJC_ISA_USAGE = YES_ERROR;
				CLANG_WARN_DOCUMENTATION_COMMENTS = YES;
				CLANG_WARN_EMPTY_BODY = YES;
				CLANG_WARN_ENUM_CONVERSION = YES;
				CLANG_WARN_INFINITE_RECURSION = YES;
				CLANG_WARN_INT_CONVERSION = YES;
				CLANG_WARN_OBJC_ROOT_CLASS = YES_ERROR;
				CLANG_WARN_SUSPICIOUS_MOVE = YES;
				CLANG_WARN_UNREACHABLE_CODE = YES;
				CLANG_WARN__DUPLICATE_METHOD_MATCH = YES;
				"CODE_SIGN_IDENTITY[sdk=iphoneos*]" = "iPhone Developer";
				COPY_PHASE_STRIP = NO;
				DEBUG_INFORMATION_FORMAT = dwarf;
				ENABLE_STRICT_OBJC_MSGSEND = YES;
				ENABLE_TESTABILITY = YES;
				GCC_C_LANGUAGE_STANDARD = gnu99;
				GCC_DYNAMIC_NO_PIC = NO;
				GCC_NO_COMMON_BLOCKS = YES;
				GCC_OPTIMIZATION_LEVEL = 0;
				GCC_PREPROCESSOR_DEFINITIONS = (
					"DEBUG=1",
					"$(inherited)",
				);
				GCC_WARN_64_TO_32_BIT_CONVERSION = YES;
				GCC_WARN_ABOUT_RETURN_TYPE = YES_ERROR;
				GCC_WARN_UNDECLARED_SELECTOR = YES;
				GCC_WARN_UNINITIALIZED_AUTOS = YES_AGGRESSIVE;
				GCC_WARN_UNUSED_FUNCTION = YES;
				GCC_WARN_UNUSED_VARIABLE = YES;
				IPHONEOS_DEPLOYMENT_TARGET = 10.2;
				MTL_ENABLE_DEBUG_INFO = YES;
				ONLY_ACTIVE_ARCH = YES;
				SDKROOT = iphoneos;
				SWIFT_ACTIVE_COMPILATION_CONDITIONS = DEBUG;
				SWIFT_OPTIMIZATION_LEVEL = "-Onone";
				TARGETED_DEVICE_FAMILY = "1,2";
			};
			name = Debug;
		};
		844852CB205D30EF009B6F2A /* Release */ = {
			isa = XCBuildConfiguration;
			buildSettings = {
				ALWAYS_SEARCH_USER_PATHS = NO;
				CLANG_ANALYZER_NONNULL = YES;
				CLANG_CXX_LANGUAGE_STANDARD = "gnu++0x";
				CLANG_CXX_LIBRARY = "libc++";
				CLANG_ENABLE_MODULES = YES;
				CLANG_ENABLE_OBJC_ARC = YES;
				CLANG_WARN_BOOL_CONVERSION = YES;
				CLANG_WARN_CONSTANT_CONVERSION = YES;
				CLANG_WARN_DIRECT_OBJC_ISA_USAGE = YES_ERROR;
				CLANG_WARN_DOCUMENTATION_COMMENTS = YES;
				CLANG_WARN_EMPTY_BODY = YES;
				CLANG_WARN_ENUM_CONVERSION = YES;
				CLANG_WARN_INFINITE_RECURSION = YES;
				CLANG_WARN_INT_CONVERSION = YES;
				CLANG_WARN_OBJC_ROOT_CLASS = YES_ERROR;
				CLANG_WARN_SUSPICIOUS_MOVE = YES;
				CLANG_WARN_UNREACHABLE_CODE = YES;
				CLANG_WARN__DUPLICATE_METHOD_MATCH = YES;
				"CODE_SIGN_IDENTITY[sdk=iphoneos*]" = "iPhone Developer";
				COPY_PHASE_STRIP = NO;
				DEBUG_INFORMATION_FORMAT = "dwarf-with-dsym";
				ENABLE_NS_ASSERTIONS = NO;
				ENABLE_STRICT_OBJC_MSGSEND = YES;
				GCC_C_LANGUAGE_STANDARD = gnu99;
				GCC_NO_COMMON_BLOCKS = YES;
				GCC_WARN_64_TO_32_BIT_CONVERSION = YES;
				GCC_WARN_ABOUT_RETURN_TYPE = YES_ERROR;
				GCC_WARN_UNDECLARED_SELECTOR = YES;
				GCC_WARN_UNINITIALIZED_AUTOS = YES_AGGRESSIVE;
				GCC_WARN_UNUSED_FUNCTION = YES;
				GCC_WARN_UNUSED_VARIABLE = YES;
				IPHONEOS_DEPLOYMENT_TARGET = 10.2;
				MTL_ENABLE_DEBUG_INFO = NO;
				SDKROOT = iphoneos;
				SWIFT_OPTIMIZATION_LEVEL = "-Owholemodule";
				TARGETED_DEVICE_FAMILY = "1,2";
				VALIDATE_PRODUCT = YES;
			};
			name = Release;
		};
		844852CD205D30EF009B6F2A /* Debug */ = {
			isa = XCBuildConfiguration;
			buildSettings = {
				ASSETCATALOG_COMPILER_APPICON_NAME = AppIcon;
				INFOPLIST_FILE = NewNoteApp/Info.plist;
				LD_RUNPATH_SEARCH_PATHS = "$(inherited) @executable_path/Frameworks";
				PRODUCT_BUNDLE_IDENTIFIER = com.elsary.NewNoteApp;
				PRODUCT_NAME = "$(TARGET_NAME)";
				SWIFT_VERSION = 3.0;
			};
			name = Debug;
		};
		844852CE205D30EF009B6F2A /* Release */ = {
			isa = XCBuildConfiguration;
			buildSettings = {
				ASSETCATALOG_COMPILER_APPICON_NAME = AppIcon;
				INFOPLIST_FILE = NewNoteApp/Info.plist;
				LD_RUNPATH_SEARCH_PATHS = "$(inherited) @executable_path/Frameworks";
				PRODUCT_BUNDLE_IDENTIFIER = com.elsary.NewNoteApp;
				PRODUCT_NAME = "$(TARGET_NAME)";
				SWIFT_VERSION = 3.0;
			};
			name = Release;
		};
/* End XCBuildConfiguration section */

/* Begin XCConfigurationList section */
		844852B2205D30EF009B6F2A /* Build configuration list for PBXProject "NewNoteApp" */ = {
			isa = XCConfigurationList;
			buildConfigurations = (
				844852CA205D30EF009B6F2A /* Debug */,
				844852CB205D30EF009B6F2A /* Release */,
			);
			defaultConfigurationIsVisible = 0;
			defaultConfigurationName = Release;
		};
		844852CC205D30EF009B6F2A /* Build configuration list for PBXNativeTarget "NewNoteApp" */ = {
			isa = XCConfigurationList;
			buildConfigurations = (
				844852CD205D30EF009B6F2A /* Debug */,
				844852CE205D30EF009B6F2A /* Release */,
			);
			defaultConfigurationIsVisible = 0;
		};
/* End XCConfigurationList section */

/* Begin XCVersionGroup section */
		844852C1205D30EF009B6F2A /* NewNoteApp.xcdatamodeld */ = {
			isa = XCVersionGroup;
			children = (
				844852C2205D30EF009B6F2A /* NewNoteApp.xcdatamodel */,
			);
			currentVersion = 844852C2205D30EF009B6F2A /* NewNoteApp.xcdatamodel */;
			path = NewNoteApp.xcdatamodeld;
			sourceTree = "<group>";
			versionGroupType = wrapper.xcdatamodel;
		};
/* End XCVersionGroup section */
	};
	rootObject = 844852AF205D30EF009B6F2A /* Project object */;
}
